// !$*UTF8*$!
{
	archiveVersion = 1;
	classes = {
	};
	objectVersion = 46;
	objects = {

/* Begin PBXBuildFile section */
		26EF9D56AAA105234323883A /* libPods-KnowYourTeam.a in Frameworks */ = {isa = PBXBuildFile; fileRef = C0E273890B94E5AB5360D3B6 /* libPods-KnowYourTeam.a */; };
		4401D5D81F6C5E2300214460 /* KYTMagicalRecordTests.m in Sources */ = {isa = PBXBuildFile; fileRef = 4401D5D71F6C5E2300214460 /* KYTMagicalRecordTests.m */; };
		4423BA941F7966D000A3614A /* NSMutableArray_Shuffling.m in Sources */ = {isa = PBXBuildFile; fileRef = 4423BA931F7966D000A3614A /* NSMutableArray_Shuffling.m */; };
		4423BA981F797E0800A3614A /* KYTPromisesTraining.m in Sources */ = {isa = PBXBuildFile; fileRef = 4423BA971F797E0800A3614A /* KYTPromisesTraining.m */; };
		443EF3CE1F68B412005CADE3 /* KYTTeamMemberSpec.mm in Sources */ = {isa = PBXBuildFile; fileRef = 443EF3CD1F68B412005CADE3 /* KYTTeamMemberSpec.mm */; };
		444217161F702706009F6D32 /* KYTPageInitViewController.m in Sources */ = {isa = PBXBuildFile; fileRef = 444217151F702706009F6D32 /* KYTPageInitViewController.m */; };
		4443B6DE1F604B0D008522BB /* main.m in Sources */ = {isa = PBXBuildFile; fileRef = 4443B6DD1F604B0D008522BB /* main.m */; };
		4443B6E11F604B0D008522BB /* KYTAppDelegate.m in Sources */ = {isa = PBXBuildFile; fileRef = 4443B6E01F604B0D008522BB /* KYTAppDelegate.m */; };
		4443B6E41F604B0D008522BB /* KYTTeamMemberListViewController.m in Sources */ = {isa = PBXBuildFile; fileRef = 4443B6E31F604B0D008522BB /* KYTTeamMemberListViewController.m */; };
		4443B6E71F604B0D008522BB /* Main.storyboard in Resources */ = {isa = PBXBuildFile; fileRef = 4443B6E51F604B0D008522BB /* Main.storyboard */; };
		4443B6E91F604B0D008522BB /* Assets.xcassets in Resources */ = {isa = PBXBuildFile; fileRef = 4443B6E81F604B0D008522BB /* Assets.xcassets */; };
		4443B6EC1F604B0D008522BB /* LaunchScreen.storyboard in Resources */ = {isa = PBXBuildFile; fileRef = 4443B6EA1F604B0D008522BB /* LaunchScreen.storyboard */; };
		4443B7041F606B39008522BB /* KYTTeamMember.m in Sources */ = {isa = PBXBuildFile; fileRef = 4443B7031F606B39008522BB /* KYTTeamMember.m */; };
		4443B7081F6071E3008522BB /* KYTTeamMemberViewCell.m in Sources */ = {isa = PBXBuildFile; fileRef = 4443B7071F6071E3008522BB /* KYTTeamMemberViewCell.m */; };
		444758391F82C4C400AC4C01 /* KYTPersistenceWithMultiThreadingSpec.mm in Sources */ = {isa = PBXBuildFile; fileRef = 444758381F82C4C400AC4C01 /* KYTPersistenceWithMultiThreadingSpec.mm */; };
		444DE4591F618FC300DF7499 /* KYTMemberViewController.m in Sources */ = {isa = PBXBuildFile; fileRef = 444DE4581F618FC300DF7499 /* KYTMemberViewController.m */; };
		444DE45B1F61C27E00DF7499 /* KYTTeamMemberModelTests.m in Sources */ = {isa = PBXBuildFile; fileRef = 444DE45A1F61C27E00DF7499 /* KYTTeamMemberModelTests.m */; };
		444DE4601F61CF9E00DF7499 /* KYTStringValidation.m in Sources */ = {isa = PBXBuildFile; fileRef = 444DE45F1F61CF9E00DF7499 /* KYTStringValidation.m */; };
		444DE4691F61D47D00DF7499 /* KYTPersistenceTests.m in Sources */ = {isa = PBXBuildFile; fileRef = 444DE4681F61D47D00DF7499 /* KYTPersistenceTests.m */; };
		444DE4701F61E17800DF7499 /* KYTTeamMemberPersistence.m in Sources */ = {isa = PBXBuildFile; fileRef = 444DE46F1F61E17800DF7499 /* KYTTeamMemberPersistence.m */; };
		446DC0F41F85783E00596C50 /* KYTCustomAlertsSpec.mm in Sources */ = {isa = PBXBuildFile; fileRef = 446DC0F31F85783E00596C50 /* KYTCustomAlertsSpec.mm */; };
		446DC0F61F857AC800596C50 /* KYTStringValidationSpec.mm in Sources */ = {isa = PBXBuildFile; fileRef = 446DC0F51F857AC800596C50 /* KYTStringValidationSpec.mm */; };
		446DC0F81F857AE000596C50 /* KYTConstantsSpec.mm in Sources */ = {isa = PBXBuildFile; fileRef = 446DC0F71F857AE000596C50 /* KYTConstantsSpec.mm */; };
		446DC0FA1F857B0D00596C50 /* KYTTeamMemberPersistenceSpec.mm in Sources */ = {isa = PBXBuildFile; fileRef = 446DC0F91F857B0D00596C50 /* KYTTeamMemberPersistenceSpec.mm */; };
		446DC0FC1F857B5A00596C50 /* NSMutableArray_ShufflingSpec.mm in Sources */ = {isa = PBXBuildFile; fileRef = 446DC0FB1F857B5A00596C50 /* NSMutableArray_ShufflingSpec.mm */; };
		44AEECA01F7182EE00E18965 /* KYTTestMemberItemViewController.m in Sources */ = {isa = PBXBuildFile; fileRef = 44AEEC9F1F7182EE00E18965 /* KYTTestMemberItemViewController.m */; };
		44B86FEF1F6AE05B004DAEF2 /* KYTCustomAlerts.m in Sources */ = {isa = PBXBuildFile; fileRef = 44B86FEE1F6AE05B004DAEF2 /* KYTCustomAlerts.m */; };
		44B86FF11F6AE397004DAEF2 /* KYTConstants.m in Sources */ = {isa = PBXBuildFile; fileRef = 44B86FF01F6AE397004DAEF2 /* KYTConstants.m */; };
		44B86FF61F6B05E6004DAEF2 /* KYTImageSelectorDelegate.m in Sources */ = {isa = PBXBuildFile; fileRef = 44B86FF51F6B05E6004DAEF2 /* KYTImageSelectorDelegate.m */; };
		44BFEAC91F7420220038DDED /* KYTTeamMemberListTableViewDelegate.m in Sources */ = {isa = PBXBuildFile; fileRef = 44BFEAC81F7420220038DDED /* KYTTeamMemberListTableViewDelegate.m */; };
		59E483F31B5DDF4B2ED890FE /* libPods-KnowYourTeamTests.a in Frameworks */ = {isa = PBXBuildFile; fileRef = 50F2D91110495B90C8785E42 /* libPods-KnowYourTeamTests.a */; };
/* End PBXBuildFile section */

/* Begin PBXContainerItemProxy section */
		4443B6F31F604B0D008522BB /* PBXContainerItemProxy */ = {
			isa = PBXContainerItemProxy;
			containerPortal = 4443B6D11F604B0D008522BB /* Project object */;
			proxyType = 1;
			remoteGlobalIDString = 4443B6D81F604B0D008522BB;
			remoteInfo = KnowYourTeam;
		};
/* End PBXContainerItemProxy section */

/* Begin PBXFileReference section */
		03ED8B347AC1F2549906C376 /* Pods-KnowYourTeamTests.debug.xcconfig */ = {isa = PBXFileReference; includeInIndex = 1; lastKnownFileType = text.xcconfig; name = "Pods-KnowYourTeamTests.debug.xcconfig"; path = "Pods/Target Support Files/Pods-KnowYourTeamTests/Pods-KnowYourTeamTests.debug.xcconfig"; sourceTree = "<group>"; };
		3D97BF24025BC18326A74D92 /* Pods-KnowYourTeamTests.release.xcconfig */ = {isa = PBXFileReference; includeInIndex = 1; lastKnownFileType = text.xcconfig; name = "Pods-KnowYourTeamTests.release.xcconfig"; path = "Pods/Target Support Files/Pods-KnowYourTeamTests/Pods-KnowYourTeamTests.release.xcconfig"; sourceTree = "<group>"; };
		4401D5D71F6C5E2300214460 /* KYTMagicalRecordTests.m */ = {isa = PBXFileReference; fileEncoding = 4; lastKnownFileType = sourcecode.c.objc; path = KYTMagicalRecordTests.m; sourceTree = "<group>"; };
		4423BA921F7966D000A3614A /* NSMutableArray_Shuffling.h */ = {isa = PBXFileReference; fileEncoding = 4; lastKnownFileType = sourcecode.c.h; path = NSMutableArray_Shuffling.h; sourceTree = "<group>"; };
		4423BA931F7966D000A3614A /* NSMutableArray_Shuffling.m */ = {isa = PBXFileReference; fileEncoding = 4; lastKnownFileType = sourcecode.c.objc; path = NSMutableArray_Shuffling.m; sourceTree = "<group>"; };
		4423BA971F797E0800A3614A /* KYTPromisesTraining.m */ = {isa = PBXFileReference; fileEncoding = 4; lastKnownFileType = sourcecode.c.objc; path = KYTPromisesTraining.m; sourceTree = "<group>"; };
		443EF3CD1F68B412005CADE3 /* KYTTeamMemberSpec.mm */ = {isa = PBXFileReference; fileEncoding = 4; lastKnownFileType = sourcecode.cpp.objcpp; path = KYTTeamMemberSpec.mm; sourceTree = "<group>"; };
		444217141F702706009F6D32 /* KYTPageInitViewController.h */ = {isa = PBXFileReference; fileEncoding = 4; lastKnownFileType = sourcecode.c.h; path = KYTPageInitViewController.h; sourceTree = "<group>"; };
		444217151F702706009F6D32 /* KYTPageInitViewController.m */ = {isa = PBXFileReference; fileEncoding = 4; lastKnownFileType = sourcecode.c.objc; path = KYTPageInitViewController.m; sourceTree = "<group>"; };
		4443B6D91F604B0D008522BB /* KnowYourTeam.app */ = {isa = PBXFileReference; explicitFileType = wrapper.application; includeInIndex = 0; path = KnowYourTeam.app; sourceTree = BUILT_PRODUCTS_DIR; };
		4443B6DD1F604B0D008522BB /* main.m */ = {isa = PBXFileReference; lastKnownFileType = sourcecode.c.objc; path = main.m; sourceTree = "<group>"; };
		4443B6DF1F604B0D008522BB /* KYTAppDelegate.h */ = {isa = PBXFileReference; lastKnownFileType = sourcecode.c.h; path = KYTAppDelegate.h; sourceTree = "<group>"; };
		4443B6E01F604B0D008522BB /* KYTAppDelegate.m */ = {isa = PBXFileReference; lastKnownFileType = sourcecode.c.objc; path = KYTAppDelegate.m; sourceTree = "<group>"; };
		4443B6E21F604B0D008522BB /* KYTTeamMemberListViewController.h */ = {isa = PBXFileReference; lastKnownFileType = sourcecode.c.h; path = KYTTeamMemberListViewController.h; sourceTree = "<group>"; };
		4443B6E31F604B0D008522BB /* KYTTeamMemberListViewController.m */ = {isa = PBXFileReference; lastKnownFileType = sourcecode.c.objc; path = KYTTeamMemberListViewController.m; sourceTree = "<group>"; };
		4443B6E61F604B0D008522BB /* Base */ = {isa = PBXFileReference; lastKnownFileType = file.storyboard; name = Base; path = Base.lproj/Main.storyboard; sourceTree = "<group>"; };
		4443B6E81F604B0D008522BB /* Assets.xcassets */ = {isa = PBXFileReference; lastKnownFileType = folder.assetcatalog; path = Assets.xcassets; sourceTree = "<group>"; };
		4443B6EB1F604B0D008522BB /* Base */ = {isa = PBXFileReference; lastKnownFileType = file.storyboard; name = Base; path = Base.lproj/LaunchScreen.storyboard; sourceTree = "<group>"; };
		4443B6ED1F604B0D008522BB /* Info.plist */ = {isa = PBXFileReference; lastKnownFileType = text.plist.xml; path = Info.plist; sourceTree = "<group>"; };
		4443B6F21F604B0D008522BB /* KnowYourTeamTests.xctest */ = {isa = PBXFileReference; explicitFileType = wrapper.cfbundle; includeInIndex = 0; path = KnowYourTeamTests.xctest; sourceTree = BUILT_PRODUCTS_DIR; };
		4443B6F81F604B0D008522BB /* Info.plist */ = {isa = PBXFileReference; lastKnownFileType = text.plist.xml; path = Info.plist; sourceTree = "<group>"; };
		4443B7021F606B23008522BB /* KYTTeamMember.h */ = {isa = PBXFileReference; lastKnownFileType = sourcecode.c.h; path = KYTTeamMember.h; sourceTree = "<group>"; };
		4443B7031F606B39008522BB /* KYTTeamMember.m */ = {isa = PBXFileReference; fileEncoding = 4; lastKnownFileType = sourcecode.c.objc; path = KYTTeamMember.m; sourceTree = "<group>"; };
		4443B7061F6071E3008522BB /* KYTTeamMemberViewCell.h */ = {isa = PBXFileReference; fileEncoding = 4; lastKnownFileType = sourcecode.c.h; path = KYTTeamMemberViewCell.h; sourceTree = "<group>"; };
		4443B7071F6071E3008522BB /* KYTTeamMemberViewCell.m */ = {isa = PBXFileReference; fileEncoding = 4; lastKnownFileType = sourcecode.c.objc; path = KYTTeamMemberViewCell.m; sourceTree = "<group>"; };
		444758381F82C4C400AC4C01 /* KYTPersistenceWithMultiThreadingSpec.mm */ = {isa = PBXFileReference; lastKnownFileType = sourcecode.cpp.objcpp; path = KYTPersistenceWithMultiThreadingSpec.mm; sourceTree = "<group>"; };
		444DE4571F618FC300DF7499 /* KYTMemberViewController.h */ = {isa = PBXFileReference; fileEncoding = 4; lastKnownFileType = sourcecode.c.h; name = KYTMemberViewController.h; path = ../KYTMemberViewController.h; sourceTree = "<group>"; };
		444DE4581F618FC300DF7499 /* KYTMemberViewController.m */ = {isa = PBXFileReference; fileEncoding = 4; lastKnownFileType = sourcecode.c.objc; name = KYTMemberViewController.m; path = ../KYTMemberViewController.m; sourceTree = "<group>"; };
		444DE45A1F61C27E00DF7499 /* KYTTeamMemberModelTests.m */ = {isa = PBXFileReference; fileEncoding = 4; lastKnownFileType = sourcecode.c.objc; path = KYTTeamMemberModelTests.m; sourceTree = "<group>"; };
		444DE45F1F61CF9E00DF7499 /* KYTStringValidation.m */ = {isa = PBXFileReference; fileEncoding = 4; lastKnownFileType = sourcecode.c.objc; path = KYTStringValidation.m; sourceTree = "<group>"; };
		444DE4611F61CFED00DF7499 /* KYTStringValidation.h */ = {isa = PBXFileReference; lastKnownFileType = sourcecode.c.h; path = KYTStringValidation.h; sourceTree = "<group>"; };
		444DE4681F61D47D00DF7499 /* KYTPersistenceTests.m */ = {isa = PBXFileReference; fileEncoding = 4; lastKnownFileType = sourcecode.c.objc; path = KYTPersistenceTests.m; sourceTree = "<group>"; };
		444DE46E1F61E12F00DF7499 /* KYTTeamMemberPersistence.h */ = {isa = PBXFileReference; lastKnownFileType = sourcecode.c.h; path = KYTTeamMemberPersistence.h; sourceTree = "<group>"; };
		444DE46F1F61E17800DF7499 /* KYTTeamMemberPersistence.m */ = {isa = PBXFileReference; fileEncoding = 4; lastKnownFileType = sourcecode.c.objc; path = KYTTeamMemberPersistence.m; sourceTree = "<group>"; };
		446DC0F31F85783E00596C50 /* KYTCustomAlertsSpec.mm */ = {isa = PBXFileReference; lastKnownFileType = sourcecode.cpp.objcpp; path = KYTCustomAlertsSpec.mm; sourceTree = "<group>"; };
		446DC0F51F857AC800596C50 /* KYTStringValidationSpec.mm */ = {isa = PBXFileReference; lastKnownFileType = sourcecode.cpp.objcpp; path = KYTStringValidationSpec.mm; sourceTree = "<group>"; };
		446DC0F71F857AE000596C50 /* KYTConstantsSpec.mm */ = {isa = PBXFileReference; lastKnownFileType = sourcecode.cpp.objcpp; path = KYTConstantsSpec.mm; sourceTree = "<group>"; };
		446DC0F91F857B0D00596C50 /* KYTTeamMemberPersistenceSpec.mm */ = {isa = PBXFileReference; lastKnownFileType = sourcecode.cpp.objcpp; path = KYTTeamMemberPersistenceSpec.mm; sourceTree = "<group>"; };
		446DC0FB1F857B5A00596C50 /* NSMutableArray_ShufflingSpec.mm */ = {isa = PBXFileReference; lastKnownFileType = sourcecode.cpp.objcpp; path = NSMutableArray_ShufflingSpec.mm; sourceTree = "<group>"; };
		449F8B681F72E4EB00C71B90 /* KYTPImageSelector.h */ = {isa = PBXFileReference; lastKnownFileType = sourcecode.c.h; path = KYTPImageSelector.h; sourceTree = "<group>"; };
		44AEEC9E1F7182EE00E18965 /* KYTTestMemberItemViewController.h */ = {isa = PBXFileReference; fileEncoding = 4; lastKnownFileType = sourcecode.c.h; path = KYTTestMemberItemViewController.h; sourceTree = "<group>"; };
		44AEEC9F1F7182EE00E18965 /* KYTTestMemberItemViewController.m */ = {isa = PBXFileReference; fileEncoding = 4; lastKnownFileType = sourcecode.c.objc; path = KYTTestMemberItemViewController.m; sourceTree = "<group>"; };
		44B86FED1F6AE04C004DAEF2 /* KYTCustomAlerts.h */ = {isa = PBXFileReference; lastKnownFileType = sourcecode.c.h; path = KYTCustomAlerts.h; sourceTree = "<group>"; };
		44B86FEE1F6AE05B004DAEF2 /* KYTCustomAlerts.m */ = {isa = PBXFileReference; fileEncoding = 4; lastKnownFileType = sourcecode.c.objc; path = KYTCustomAlerts.m; sourceTree = "<group>"; };
		44B86FF01F6AE397004DAEF2 /* KYTConstants.m */ = {isa = PBXFileReference; fileEncoding = 4; lastKnownFileType = sourcecode.c.objc; path = KYTConstants.m; sourceTree = "<group>"; };
		44B86FF21F6AE3A7004DAEF2 /* KYTConstants.h */ = {isa = PBXFileReference; lastKnownFileType = sourcecode.c.h; path = KYTConstants.h; sourceTree = "<group>"; };
		44B86FF41F6B05CD004DAEF2 /* KYTImageSelectorDelegate.h */ = {isa = PBXFileReference; lastKnownFileType = sourcecode.c.h; path = KYTImageSelectorDelegate.h; sourceTree = "<group>"; };
		44B86FF51F6B05E6004DAEF2 /* KYTImageSelectorDelegate.m */ = {isa = PBXFileReference; fileEncoding = 4; lastKnownFileType = sourcecode.c.objc; path = KYTImageSelectorDelegate.m; sourceTree = "<group>"; };
		44BFEAC71F7420220038DDED /* KYTTeamMemberListTableViewDelegate.h */ = {isa = PBXFileReference; fileEncoding = 4; lastKnownFileType = sourcecode.c.h; path = KYTTeamMemberListTableViewDelegate.h; sourceTree = "<group>"; };
		44BFEAC81F7420220038DDED /* KYTTeamMemberListTableViewDelegate.m */ = {isa = PBXFileReference; fileEncoding = 4; lastKnownFileType = sourcecode.c.objc; path = KYTTeamMemberListTableViewDelegate.m; sourceTree = "<group>"; };
		50F2D91110495B90C8785E42 /* libPods-KnowYourTeamTests.a */ = {isa = PBXFileReference; explicitFileType = archive.ar; includeInIndex = 0; path = "libPods-KnowYourTeamTests.a"; sourceTree = BUILT_PRODUCTS_DIR; };
		5FED5FA1100159159AE95BDB /* Pods-KnowYourTeam.debug.xcconfig */ = {isa = PBXFileReference; includeInIndex = 1; lastKnownFileType = text.xcconfig; name = "Pods-KnowYourTeam.debug.xcconfig"; path = "Pods/Target Support Files/Pods-KnowYourTeam/Pods-KnowYourTeam.debug.xcconfig"; sourceTree = "<group>"; };
		B06C5A44165CFDDF2F27A470 /* Pods-KnowYourTeam.release.xcconfig */ = {isa = PBXFileReference; includeInIndex = 1; lastKnownFileType = text.xcconfig; name = "Pods-KnowYourTeam.release.xcconfig"; path = "Pods/Target Support Files/Pods-KnowYourTeam/Pods-KnowYourTeam.release.xcconfig"; sourceTree = "<group>"; };
		C0E273890B94E5AB5360D3B6 /* libPods-KnowYourTeam.a */ = {isa = PBXFileReference; explicitFileType = archive.ar; includeInIndex = 0; path = "libPods-KnowYourTeam.a"; sourceTree = BUILT_PRODUCTS_DIR; };
/* End PBXFileReference section */

/* Begin PBXFrameworksBuildPhase section */
		4443B6D61F604B0D008522BB /* Frameworks */ = {
			isa = PBXFrameworksBuildPhase;
			buildActionMask = 2147483647;
			files = (
				26EF9D56AAA105234323883A /* libPods-KnowYourTeam.a in Frameworks */,
			);
			runOnlyForDeploymentPostprocessing = 0;
		};
		4443B6EF1F604B0D008522BB /* Frameworks */ = {
			isa = PBXFrameworksBuildPhase;
			buildActionMask = 2147483647;
			files = (
				59E483F31B5DDF4B2ED890FE /* libPods-KnowYourTeamTests.a in Frameworks */,
			);
			runOnlyForDeploymentPostprocessing = 0;
		};
/* End PBXFrameworksBuildPhase section */

/* Begin PBXGroup section */
		3C534892BC3C5C23E3BFC90C /* Pods */ = {
			isa = PBXGroup;
			children = (
				5FED5FA1100159159AE95BDB /* Pods-KnowYourTeam.debug.xcconfig */,
				B06C5A44165CFDDF2F27A470 /* Pods-KnowYourTeam.release.xcconfig */,
				03ED8B347AC1F2549906C376 /* Pods-KnowYourTeamTests.debug.xcconfig */,
				3D97BF24025BC18326A74D92 /* Pods-KnowYourTeamTests.release.xcconfig */,
			);
			name = Pods;
			sourceTree = "<group>";
		};
		4443B6D01F604B0D008522BB = {
			isa = PBXGroup;
			children = (
				4443B6DB1F604B0D008522BB /* KnowYourTeam */,
				4443B6F51F604B0D008522BB /* KnowYourTeamTests */,
				4443B6DA1F604B0D008522BB /* Products */,
				3C534892BC3C5C23E3BFC90C /* Pods */,
				D0F6AC5B5F834D6B82A68A92 /* Frameworks */,
			);
			sourceTree = "<group>";
		};
		4443B6DA1F604B0D008522BB /* Products */ = {
			isa = PBXGroup;
			children = (
				4443B6D91F604B0D008522BB /* KnowYourTeam.app */,
				4443B6F21F604B0D008522BB /* KnowYourTeamTests.xctest */,
			);
			name = Products;
			sourceTree = "<group>";
		};
		4443B6DB1F604B0D008522BB /* KnowYourTeam */ = {
			isa = PBXGroup;
			children = (
				44AEEC9C1F71823B00E18965 /* TestMembers */,
				444DE4621F61D28A00DF7499 /* TeamMemberList */,
				444DE4631F61D2AA00DF7499 /* TeamMember */,
				444DE45E1F61CF1C00DF7499 /* Utils */,
				4443B7011F606AEF008522BB /* Models */,
				4443B6DF1F604B0D008522BB /* KYTAppDelegate.h */,
				4443B6E01F604B0D008522BB /* KYTAppDelegate.m */,
				4443B6E51F604B0D008522BB /* Main.storyboard */,
				4443B6EA1F604B0D008522BB /* LaunchScreen.storyboard */,
				4443B6E81F604B0D008522BB /* Assets.xcassets */,
				4443B6ED1F604B0D008522BB /* Info.plist */,
				4443B6DC1F604B0D008522BB /* Supporting Files */,
			);
			path = KnowYourTeam;
			sourceTree = "<group>";
		};
		4443B6DC1F604B0D008522BB /* Supporting Files */ = {
			isa = PBXGroup;
			children = (
				4443B6DD1F604B0D008522BB /* main.m */,
			);
			name = "Supporting Files";
			sourceTree = "<group>";
		};
		4443B6F51F604B0D008522BB /* KnowYourTeamTests */ = {
			isa = PBXGroup;
			children = (
				443EF3CD1F68B412005CADE3 /* KYTTeamMemberSpec.mm */,
				444758381F82C4C400AC4C01 /* KYTPersistenceWithMultiThreadingSpec.mm */,
				444DE45A1F61C27E00DF7499 /* KYTTeamMemberModelTests.m */,
				444DE4681F61D47D00DF7499 /* KYTPersistenceTests.m */,
				4401D5D71F6C5E2300214460 /* KYTMagicalRecordTests.m */,
				4423BA971F797E0800A3614A /* KYTPromisesTraining.m */,
				4443B6F81F604B0D008522BB /* Info.plist */,
				446DC0F71F857AE000596C50 /* KYTConstantsSpec.mm */,
				446DC0F31F85783E00596C50 /* KYTCustomAlertsSpec.mm */,
				446DC0F51F857AC800596C50 /* KYTStringValidationSpec.mm */,
				446DC0F91F857B0D00596C50 /* KYTTeamMemberPersistenceSpec.mm */,
				446DC0FB1F857B5A00596C50 /* NSMutableArray_ShufflingSpec.mm */,
			);
			path = KnowYourTeamTests;
			sourceTree = "<group>";
		};
		4443B7011F606AEF008522BB /* Models */ = {
			isa = PBXGroup;
			children = (
				4443B7021F606B23008522BB /* KYTTeamMember.h */,
				4443B7031F606B39008522BB /* KYTTeamMember.m */,
			);
			name = Models;
			sourceTree = "<group>";
		};
		444DE45E1F61CF1C00DF7499 /* Utils */ = {
			isa = PBXGroup;
			children = (
				4423BA921F7966D000A3614A /* NSMutableArray_Shuffling.h */,
				4423BA931F7966D000A3614A /* NSMutableArray_Shuffling.m */,
				444DE4611F61CFED00DF7499 /* KYTStringValidation.h */,
				444DE45F1F61CF9E00DF7499 /* KYTStringValidation.m */,
				444DE46E1F61E12F00DF7499 /* KYTTeamMemberPersistence.h */,
				444DE46F1F61E17800DF7499 /* KYTTeamMemberPersistence.m */,
				44B86FED1F6AE04C004DAEF2 /* KYTCustomAlerts.h */,
				44B86FEE1F6AE05B004DAEF2 /* KYTCustomAlerts.m */,
				44B86FF21F6AE3A7004DAEF2 /* KYTConstants.h */,
				44B86FF01F6AE397004DAEF2 /* KYTConstants.m */,
			);
			name = Utils;
			sourceTree = "<group>";
		};
		444DE4621F61D28A00DF7499 /* TeamMemberList */ = {
			isa = PBXGroup;
			children = (
				44BFEAC61F741FBF0038DDED /* Delegates */,
				444DE4651F61D2FF00DF7499 /* Views */,
				444DE4641F61D2DD00DF7499 /* Controllers */,
			);
			name = TeamMemberList;
			sourceTree = "<group>";
		};
		444DE4631F61D2AA00DF7499 /* TeamMember */ = {
			isa = PBXGroup;
			children = (
				44B86FF31F6B05A8004DAEF2 /* Delegates */,
				444DE4661F61D31900DF7499 /* Controllers */,
			);
			name = TeamMember;
			sourceTree = "<group>";
		};
		444DE4641F61D2DD00DF7499 /* Controllers */ = {
			isa = PBXGroup;
			children = (
				4443B6E21F604B0D008522BB /* KYTTeamMemberListViewController.h */,
				4443B6E31F604B0D008522BB /* KYTTeamMemberListViewController.m */,
			);
			name = Controllers;
			sourceTree = "<group>";
		};
		444DE4651F61D2FF00DF7499 /* Views */ = {
			isa = PBXGroup;
			children = (
				4443B7061F6071E3008522BB /* KYTTeamMemberViewCell.h */,
				4443B7071F6071E3008522BB /* KYTTeamMemberViewCell.m */,
			);
			name = Views;
			sourceTree = "<group>";
		};
		444DE4661F61D31900DF7499 /* Controllers */ = {
			isa = PBXGroup;
			children = (
				444217141F702706009F6D32 /* KYTPageInitViewController.h */,
				444217151F702706009F6D32 /* KYTPageInitViewController.m */,
				444DE4571F618FC300DF7499 /* KYTMemberViewController.h */,
				444DE4581F618FC300DF7499 /* KYTMemberViewController.m */,
			);
			name = Controllers;
			sourceTree = "<group>";
		};
		44AEEC9C1F71823B00E18965 /* TestMembers */ = {
			isa = PBXGroup;
			children = (
				44AEEC9D1F71826800E18965 /* Controllers */,
			);
			name = TestMembers;
			sourceTree = "<group>";
		};
		44AEEC9D1F71826800E18965 /* Controllers */ = {
			isa = PBXGroup;
			children = (
				44AEEC9E1F7182EE00E18965 /* KYTTestMemberItemViewController.h */,
				44AEEC9F1F7182EE00E18965 /* KYTTestMemberItemViewController.m */,
			);
			name = Controllers;
			sourceTree = "<group>";
		};
		44B86FF31F6B05A8004DAEF2 /* Delegates */ = {
			isa = PBXGroup;
			children = (
				449F8B681F72E4EB00C71B90 /* KYTPImageSelector.h */,
				44B86FF41F6B05CD004DAEF2 /* KYTImageSelectorDelegate.h */,
				44B86FF51F6B05E6004DAEF2 /* KYTImageSelectorDelegate.m */,
			);
			name = Delegates;
			sourceTree = "<group>";
		};
		44BFEAC61F741FBF0038DDED /* Delegates */ = {
			isa = PBXGroup;
			children = (
				44BFEAC71F7420220038DDED /* KYTTeamMemberListTableViewDelegate.h */,
				44BFEAC81F7420220038DDED /* KYTTeamMemberListTableViewDelegate.m */,
			);
			name = Delegates;
			sourceTree = "<group>";
		};
		D0F6AC5B5F834D6B82A68A92 /* Frameworks */ = {
			isa = PBXGroup;
			children = (
				C0E273890B94E5AB5360D3B6 /* libPods-KnowYourTeam.a */,
				50F2D91110495B90C8785E42 /* libPods-KnowYourTeamTests.a */,
			);
			name = Frameworks;
			sourceTree = "<group>";
		};
/* End PBXGroup section */

/* Begin PBXNativeTarget section */
		4443B6D81F604B0D008522BB /* KnowYourTeam */ = {
			isa = PBXNativeTarget;
			buildConfigurationList = 4443B6FB1F604B0D008522BB /* Build configuration list for PBXNativeTarget "KnowYourTeam" */;
			buildPhases = (
				4791E8497834345DD3D3E62F /* [CP] Check Pods Manifest.lock */,
				4443B6D51F604B0D008522BB /* Sources */,
				4443B6D61F604B0D008522BB /* Frameworks */,
				4443B6D71F604B0D008522BB /* Resources */,
				DD55058396F71A1701CD7C54 /* [CP] Embed Pods Frameworks */,
				6D26651C58C144B01D0CC72E /* [CP] Copy Pods Resources */,
			);
			buildRules = (
			);
			dependencies = (
			);
			name = KnowYourTeam;
			productName = KnowYourTeam;
			productReference = 4443B6D91F604B0D008522BB /* KnowYourTeam.app */;
			productType = "com.apple.product-type.application";
		};
		4443B6F11F604B0D008522BB /* KnowYourTeamTests */ = {
			isa = PBXNativeTarget;
			buildConfigurationList = 4443B6FE1F604B0D008522BB /* Build configuration list for PBXNativeTarget "KnowYourTeamTests" */;
			buildPhases = (
				995905FF5F4CDC0A6DB5EFE5 /* [CP] Check Pods Manifest.lock */,
				4443B6EE1F604B0D008522BB /* Sources */,
				4443B6EF1F604B0D008522BB /* Frameworks */,
				4443B6F01F604B0D008522BB /* Resources */,
				B20AE3FAC059AD6BDB85D057 /* [CP] Embed Pods Frameworks */,
				8671DF5B4864AAAB03B4660A /* [CP] Copy Pods Resources */,
			);
			buildRules = (
			);
			dependencies = (
				4443B6F41F604B0D008522BB /* PBXTargetDependency */,
			);
			name = KnowYourTeamTests;
			productName = KnowYourTeamTests;
			productReference = 4443B6F21F604B0D008522BB /* KnowYourTeamTests.xctest */;
			productType = "com.apple.product-type.bundle.unit-test";
		};
/* End PBXNativeTarget section */

/* Begin PBXProject section */
		4443B6D11F604B0D008522BB /* Project object */ = {
			isa = PBXProject;
			attributes = {
				CLASSPREFIX = KYT;
				LastUpgradeCheck = 0900;
				ORGANIZATIONNAME = DDC.Mac2;
				TargetAttributes = {
					4443B6D81F604B0D008522BB = {
						CreatedOnToolsVersion = 8.3.3;
						ProvisioningStyle = Automatic;
					};
					4443B6F11F604B0D008522BB = {
						CreatedOnToolsVersion = 8.3.3;
						ProvisioningStyle = Automatic;
						TestTargetID = 4443B6D81F604B0D008522BB;
					};
				};
			};
			buildConfigurationList = 4443B6D41F604B0D008522BB /* Build configuration list for PBXProject "KnowYourTeam" */;
			compatibilityVersion = "Xcode 3.2";
			developmentRegion = English;
			hasScannedForEncodings = 0;
			knownRegions = (
				en,
				Base,
			);
			mainGroup = 4443B6D01F604B0D008522BB;
			productRefGroup = 4443B6DA1F604B0D008522BB /* Products */;
			projectDirPath = "";
			projectRoot = "";
			targets = (
				4443B6D81F604B0D008522BB /* KnowYourTeam */,
				4443B6F11F604B0D008522BB /* KnowYourTeamTests */,
			);
		};
/* End PBXProject section */

/* Begin PBXResourcesBuildPhase section */
		4443B6D71F604B0D008522BB /* Resources */ = {
			isa = PBXResourcesBuildPhase;
			buildActionMask = 2147483647;
			files = (
				4443B6EC1F604B0D008522BB /* LaunchScreen.storyboard in Resources */,
				4443B6E91F604B0D008522BB /* Assets.xcassets in Resources */,
				4443B6E71F604B0D008522BB /* Main.storyboard in Resources */,
			);
			runOnlyForDeploymentPostprocessing = 0;
		};
		4443B6F01F604B0D008522BB /* Resources */ = {
			isa = PBXResourcesBuildPhase;
			buildActionMask = 2147483647;
			files = (
			);
			runOnlyForDeploymentPostprocessing = 0;
		};
/* End PBXResourcesBuildPhase section */

/* Begin PBXShellScriptBuildPhase section */
		4791E8497834345DD3D3E62F /* [CP] Check Pods Manifest.lock */ = {
			isa = PBXShellScriptBuildPhase;
			buildActionMask = 2147483647;
			files = (
			);
			inputPaths = (
				"${PODS_PODFILE_DIR_PATH}/Podfile.lock",
				"${PODS_ROOT}/Manifest.lock",
			);
			name = "[CP] Check Pods Manifest.lock";
			outputPaths = (
				"$(DERIVED_FILE_DIR)/Pods-KnowYourTeam-checkManifestLockResult.txt",
			);
			runOnlyForDeploymentPostprocessing = 0;
			shellPath = /bin/sh;
			shellScript = "diff \"${PODS_PODFILE_DIR_PATH}/Podfile.lock\" \"${PODS_ROOT}/Manifest.lock\" > /dev/null\nif [ $? != 0 ] ; then\n    # print error to STDERR\n    echo \"error: The sandbox is not in sync with the Podfile.lock. Run 'pod install' or update your CocoaPods installation.\" >&2\n    exit 1\nfi\n# This output is used by Xcode 'outputs' to avoid re-running this script phase.\necho \"SUCCESS\" > \"${SCRIPT_OUTPUT_FILE_0}\"\n";
			showEnvVarsInLog = 0;
		};
		6D26651C58C144B01D0CC72E /* [CP] Copy Pods Resources */ = {
			isa = PBXShellScriptBuildPhase;
			buildActionMask = 2147483647;
			files = (
			);
			inputPaths = (
			);
			name = "[CP] Copy Pods Resources";
			outputPaths = (
			);
			runOnlyForDeploymentPostprocessing = 0;
			shellPath = /bin/sh;
			shellScript = "\"${SRCROOT}/Pods/Target Support Files/Pods-KnowYourTeam/Pods-KnowYourTeam-resources.sh\"\n";
			showEnvVarsInLog = 0;
		};
		8671DF5B4864AAAB03B4660A /* [CP] Copy Pods Resources */ = {
			isa = PBXShellScriptBuildPhase;
			buildActionMask = 2147483647;
			files = (
			);
			inputPaths = (
			);
			name = "[CP] Copy Pods Resources";
			outputPaths = (
			);
			runOnlyForDeploymentPostprocessing = 0;
			shellPath = /bin/sh;
			shellScript = "\"${SRCROOT}/Pods/Target Support Files/Pods-KnowYourTeamTests/Pods-KnowYourTeamTests-resources.sh\"\n";
			showEnvVarsInLog = 0;
		};
		995905FF5F4CDC0A6DB5EFE5 /* [CP] Check Pods Manifest.lock */ = {
			isa = PBXShellScriptBuildPhase;
			buildActionMask = 2147483647;
			files = (
			);
			inputPaths = (
				"${PODS_PODFILE_DIR_PATH}/Podfile.lock",
				"${PODS_ROOT}/Manifest.lock",
			);
			name = "[CP] Check Pods Manifest.lock";
			outputPaths = (
				"$(DERIVED_FILE_DIR)/Pods-KnowYourTeamTests-checkManifestLockResult.txt",
			);
			runOnlyForDeploymentPostprocessing = 0;
			shellPath = /bin/sh;
			shellScript = "diff \"${PODS_PODFILE_DIR_PATH}/Podfile.lock\" \"${PODS_ROOT}/Manifest.lock\" > /dev/null\nif [ $? != 0 ] ; then\n    # print error to STDERR\n    echo \"error: The sandbox is not in sync with the Podfile.lock. Run 'pod install' or update your CocoaPods installation.\" >&2\n    exit 1\nfi\n# This output is used by Xcode 'outputs' to avoid re-running this script phase.\necho \"SUCCESS\" > \"${SCRIPT_OUTPUT_FILE_0}\"\n";
			showEnvVarsInLog = 0;
		};
		B20AE3FAC059AD6BDB85D057 /* [CP] Embed Pods Frameworks */ = {
			isa = PBXShellScriptBuildPhase;
			buildActionMask = 2147483647;
			files = (
			);
			inputPaths = (
			);
			name = "[CP] Embed Pods Frameworks";
			outputPaths = (
			);
			runOnlyForDeploymentPostprocessing = 0;
			shellPath = /bin/sh;
			shellScript = "\"${SRCROOT}/Pods/Target Support Files/Pods-KnowYourTeamTests/Pods-KnowYourTeamTests-frameworks.sh\"\n";
			showEnvVarsInLog = 0;
		};
		DD55058396F71A1701CD7C54 /* [CP] Embed Pods Frameworks */ = {
			isa = PBXShellScriptBuildPhase;
			buildActionMask = 2147483647;
			files = (
			);
			inputPaths = (
			);
			name = "[CP] Embed Pods Frameworks";
			outputPaths = (
			);
			runOnlyForDeploymentPostprocessing = 0;
			shellPath = /bin/sh;
			shellScript = "\"${SRCROOT}/Pods/Target Support Files/Pods-KnowYourTeam/Pods-KnowYourTeam-frameworks.sh\"\n";
			showEnvVarsInLog = 0;
		};
/* End PBXShellScriptBuildPhase section */

/* Begin PBXSourcesBuildPhase section */
		4443B6D51F604B0D008522BB /* Sources */ = {
			isa = PBXSourcesBuildPhase;
			buildActionMask = 2147483647;
			files = (
				4443B6E41F604B0D008522BB /* KYTTeamMemberListViewController.m in Sources */,
				444DE4701F61E17800DF7499 /* KYTTeamMemberPersistence.m in Sources */,
				44B86FF61F6B05E6004DAEF2 /* KYTImageSelectorDelegate.m in Sources */,
				4443B7041F606B39008522BB /* KYTTeamMember.m in Sources */,
				44BFEAC91F7420220038DDED /* KYTTeamMemberListTableViewDelegate.m in Sources */,
				4443B6E11F604B0D008522BB /* KYTAppDelegate.m in Sources */,
				44B86FEF1F6AE05B004DAEF2 /* KYTCustomAlerts.m in Sources */,
				444217161F702706009F6D32 /* KYTPageInitViewController.m in Sources */,
				444DE4591F618FC300DF7499 /* KYTMemberViewController.m in Sources */,
				44B86FF11F6AE397004DAEF2 /* KYTConstants.m in Sources */,
				44AEECA01F7182EE00E18965 /* KYTTestMemberItemViewController.m in Sources */,
				444DE4601F61CF9E00DF7499 /* KYTStringValidation.m in Sources */,
				4443B7081F6071E3008522BB /* KYTTeamMemberViewCell.m in Sources */,
				4443B6DE1F604B0D008522BB /* main.m in Sources */,
				4423BA941F7966D000A3614A /* NSMutableArray_Shuffling.m in Sources */,
			);
			runOnlyForDeploymentPostprocessing = 0;
		};
		4443B6EE1F604B0D008522BB /* Sources */ = {
			isa = PBXSourcesBuildPhase;
			buildActionMask = 2147483647;
			files = (
				446DC0F81F857AE000596C50 /* KYTConstantsSpec.mm in Sources */,
				444DE4691F61D47D00DF7499 /* KYTPersistenceTests.m in Sources */,
				444DE45B1F61C27E00DF7499 /* KYTTeamMemberModelTests.m in Sources */,
				446DC0FC1F857B5A00596C50 /* NSMutableArray_ShufflingSpec.mm in Sources */,
				444758391F82C4C400AC4C01 /* KYTPersistenceWithMultiThreadingSpec.mm in Sources */,
				4401D5D81F6C5E2300214460 /* KYTMagicalRecordTests.m in Sources */,
				4423BA981F797E0800A3614A /* KYTPromisesTraining.m in Sources */,
				443EF3CE1F68B412005CADE3 /* KYTTeamMemberSpec.mm in Sources */,
				446DC0F41F85783E00596C50 /* KYTCustomAlertsSpec.mm in Sources */,
				446DC0FA1F857B0D00596C50 /* KYTTeamMemberPersistenceSpec.mm in Sources */,
				446DC0F61F857AC800596C50 /* KYTStringValidationSpec.mm in Sources */,
			);
			runOnlyForDeploymentPostprocessing = 0;
		};
/* End PBXSourcesBuildPhase section */

/* Begin PBXTargetDependency section */
		4443B6F41F604B0D008522BB /* PBXTargetDependency */ = {
			isa = PBXTargetDependency;
			target = 4443B6D81F604B0D008522BB /* KnowYourTeam */;
			targetProxy = 4443B6F31F604B0D008522BB /* PBXContainerItemProxy */;
		};
/* End PBXTargetDependency section */

/* Begin PBXVariantGroup section */
		4443B6E51F604B0D008522BB /* Main.storyboard */ = {
			isa = PBXVariantGroup;
			children = (
				4443B6E61F604B0D008522BB /* Base */,
			);
			name = Main.storyboard;
			sourceTree = "<group>";
		};
		4443B6EA1F604B0D008522BB /* LaunchScreen.storyboard */ = {
			isa = PBXVariantGroup;
			children = (
				4443B6EB1F604B0D008522BB /* Base */,
			);
			name = LaunchScreen.storyboard;
			sourceTree = "<group>";
		};
/* End PBXVariantGroup section */

/* Begin XCBuildConfiguration section */
		4443B6F91F604B0D008522BB /* Debug */ = {
			isa = XCBuildConfiguration;
			buildSettings = {
				ALWAYS_SEARCH_USER_PATHS = NO;
				CLANG_ANALYZER_NONNULL = YES;
				CLANG_ANALYZER_NUMBER_OBJECT_CONVERSION = YES_AGGRESSIVE;
				CLANG_CXX_LANGUAGE_STANDARD = "gnu++0x";
				CLANG_CXX_LIBRARY = "libc++";
				CLANG_ENABLE_MODULES = YES;
				CLANG_ENABLE_OBJC_ARC = YES;
				CLANG_WARN_BLOCK_CAPTURE_AUTORELEASING = YES;
				CLANG_WARN_BOOL_CONVERSION = YES;
				CLANG_WARN_COMMA = YES;
				CLANG_WARN_CONSTANT_CONVERSION = YES;
				CLANG_WARN_DIRECT_OBJC_ISA_USAGE = YES_ERROR;
				CLANG_WARN_DOCUMENTATION_COMMENTS = YES;
				CLANG_WARN_EMPTY_BODY = YES;
				CLANG_WARN_ENUM_CONVERSION = YES;
				CLANG_WARN_INFINITE_RECURSION = YES;
				CLANG_WARN_INT_CONVERSION = YES;
				CLANG_WARN_NON_LITERAL_NULL_CONVERSION = YES;
				CLANG_WARN_OBJC_LITERAL_CONVERSION = YES;
				CLANG_WARN_OBJC_ROOT_CLASS = YES_ERROR;
				CLANG_WARN_RANGE_LOOP_ANALYSIS = YES;
				CLANG_WARN_STRICT_PROTOTYPES = YES;
				CLANG_WARN_SUSPICIOUS_MOVE = YES;
				CLANG_WARN_UNREACHABLE_CODE = YES;
				CLANG_WARN__DUPLICATE_METHOD_MATCH = YES;
				"CODE_SIGN_IDENTITY[sdk=iphoneos*]" = "iPhone Developer";
				COPY_PHASE_STRIP = NO;
				DEBUG_INFORMATION_FORMAT = dwarf;
				ENABLE_STRICT_OBJC_MSGSEND = YES;
				ENABLE_TESTABILITY = YES;
				GCC_C_LANGUAGE_STANDARD = gnu99;
				GCC_DYNAMIC_NO_PIC = NO;
				GCC_NO_COMMON_BLOCKS = YES;
				GCC_OPTIMIZATION_LEVEL = 0;
				GCC_PREPROCESSOR_DEFINITIONS = (
					"DEBUG=1",
					"$(inherited)",
				);
				GCC_WARN_64_TO_32_BIT_CONVERSION = YES;
				GCC_WARN_ABOUT_RETURN_TYPE = YES_ERROR;
				GCC_WARN_UNDECLARED_SELECTOR = YES;
				GCC_WARN_UNINITIALIZED_AUTOS = YES_AGGRESSIVE;
				GCC_WARN_UNUSED_FUNCTION = YES;
				GCC_WARN_UNUSED_VARIABLE = YES;
				IPHONEOS_DEPLOYMENT_TARGET = 11.0;
				MTL_ENABLE_DEBUG_INFO = YES;
				ONLY_ACTIVE_ARCH = YES;
				SDKROOT = iphoneos;
				TARGETED_DEVICE_FAMILY = "1,2";
			};
			name = Debug;
		};
		4443B6FA1F604B0D008522BB /* Release */ = {
			isa = XCBuildConfiguration;
			buildSettings = {
				ALWAYS_SEARCH_USER_PATHS = NO;
				CLANG_ANALYZER_NONNULL = YES;
				CLANG_ANALYZER_NUMBER_OBJECT_CONVERSION = YES_AGGRESSIVE;
				CLANG_CXX_LANGUAGE_STANDARD = "gnu++0x";
				CLANG_CXX_LIBRARY = "libc++";
				CLANG_ENABLE_MODULES = YES;
				CLANG_ENABLE_OBJC_ARC = YES;
				CLANG_WARN_BLOCK_CAPTURE_AUTORELEASING = YES;
				CLANG_WARN_BOOL_CONVERSION = YES;
				CLANG_WARN_COMMA = YES;
				CLANG_WARN_CONSTANT_CONVERSION = YES;
				CLANG_WARN_DIRECT_OBJC_ISA_USAGE = YES_ERROR;
				CLANG_WARN_DOCUMENTATION_COMMENTS = YES;
				CLANG_WARN_EMPTY_BODY = YES;
				CLANG_WARN_ENUM_CONVERSION = YES;
				CLANG_WARN_INFINITE_RECURSION = YES;
				CLANG_WARN_INT_CONVERSION = YES;
				CLANG_WARN_NON_LITERAL_NULL_CONVERSION = YES;
				CLANG_WARN_OBJC_LITERAL_CONVERSION = YES;
				CLANG_WARN_OBJC_ROOT_CLASS = YES_ERROR;
				CLANG_WARN_RANGE_LOOP_ANALYSIS = YES;
				CLANG_WARN_STRICT_PROTOTYPES = YES;
				CLANG_WARN_SUSPICIOUS_MOVE = YES;
				CLANG_WARN_UNREACHABLE_CODE = YES;
				CLANG_WARN__DUPLICATE_METHOD_MATCH = YES;
				"CODE_SIGN_IDENTITY[sdk=iphoneos*]" = "iPhone Developer";
				COPY_PHASE_STRIP = NO;
				DEBUG_INFORMATION_FORMAT = "dwarf-with-dsym";
				ENABLE_NS_ASSERTIONS = NO;
				ENABLE_STRICT_OBJC_MSGSEND = YES;
				GCC_C_LANGUAGE_STANDARD = gnu99;
				GCC_NO_COMMON_BLOCKS = YES;
				GCC_WARN_64_TO_32_BIT_CONVERSION = YES;
				GCC_WARN_ABOUT_RETURN_TYPE = YES_ERROR;
				GCC_WARN_UNDECLARED_SELECTOR = YES;
				GCC_WARN_UNINITIALIZED_AUTOS = YES_AGGRESSIVE;
				GCC_WARN_UNUSED_FUNCTION = YES;
				GCC_WARN_UNUSED_VARIABLE = YES;
				IPHONEOS_DEPLOYMENT_TARGET = 11.0;
				MTL_ENABLE_DEBUG_INFO = NO;
				SDKROOT = iphoneos;
				TARGETED_DEVICE_FAMILY = "1,2";
				VALIDATE_PRODUCT = YES;
			};
			name = Release;
		};
		4443B6FC1F604B0D008522BB /* Debug */ = {
			isa = XCBuildConfiguration;
			baseConfigurationReference = 5FED5FA1100159159AE95BDB /* Pods-KnowYourTeam.debug.xcconfig */;
			buildSettings = {
				ASSETCATALOG_COMPILER_APPICON_NAME = AppIcon;
				INFOPLIST_FILE = KnowYourTeam/Info.plist;
				LD_RUNPATH_SEARCH_PATHS = "$(inherited) @executable_path/Frameworks";
				PRODUCT_BUNDLE_IDENTIFIER = com.Perficient.KnowYourTeam;
				PRODUCT_NAME = "$(TARGET_NAME)";
			};
			name = Debug;
		};
		4443B6FD1F604B0D008522BB /* Release */ = {
			isa = XCBuildConfiguration;
			baseConfigurationReference = B06C5A44165CFDDF2F27A470 /* Pods-KnowYourTeam.release.xcconfig */;
			buildSettings = {
				ASSETCATALOG_COMPILER_APPICON_NAME = AppIcon;
				INFOPLIST_FILE = KnowYourTeam/Info.plist;
				LD_RUNPATH_SEARCH_PATHS = "$(inherited) @executable_path/Frameworks";
				PRODUCT_BUNDLE_IDENTIFIER = com.Perficient.KnowYourTeam;
				PRODUCT_NAME = "$(TARGET_NAME)";
			};
			name = Release;
		};
		4443B6FF1F604B0D008522BB /* Debug */ = {
			isa = XCBuildConfiguration;
			baseConfigurationReference = 03ED8B347AC1F2549906C376 /* Pods-KnowYourTeamTests.debug.xcconfig */;
			buildSettings = {
				BUNDLE_LOADER = "$(TEST_HOST)";
				INFOPLIST_FILE = KnowYourTeamTests/Info.plist;
				LD_RUNPATH_SEARCH_PATHS = "$(inherited) @executable_path/Frameworks @loader_path/Frameworks";
				PRODUCT_BUNDLE_IDENTIFIER = com.Perficient.KnowYourTeamTests;
				PRODUCT_NAME = "$(TARGET_NAME)";
				TEST_HOST = "$(BUILT_PRODUCTS_DIR)/KnowYourTeam.app/KnowYourTeam";
			};
			name = Debug;
		};
		4443B7001F604B0D008522BB /* Release */ = {
			isa = XCBuildConfiguration;
			baseConfigurationReference = 3D97BF24025BC18326A74D92 /* Pods-KnowYourTeamTests.release.xcconfig */;
			buildSettings = {
				BUNDLE_LOADER = "$(TEST_HOST)";
				INFOPLIST_FILE = KnowYourTeamTests/Info.plist;
				LD_RUNPATH_SEARCH_PATHS = "$(inherited) @executable_path/Frameworks @loader_path/Frameworks";
				PRODUCT_BUNDLE_IDENTIFIER = com.Perficient.KnowYourTeamTests;
				PRODUCT_NAME = "$(TARGET_NAME)";
				TEST_HOST = "$(BUILT_PRODUCTS_DIR)/KnowYourTeam.app/KnowYourTeam";
			};
			name = Release;
		};
/* End XCBuildConfiguration section */

/* Begin XCConfigurationList section */
		4443B6D41F604B0D008522BB /* Build configuration list for PBXProject "KnowYourTeam" */ = {
			isa = XCConfigurationList;
			buildConfigurations = (
				4443B6F91F604B0D008522BB /* Debug */,
				4443B6FA1F604B0D008522BB /* Release */,
			);
			defaultConfigurationIsVisible = 0;
			defaultConfigurationName = Release;
		};
		4443B6FB1F604B0D008522BB /* Build configuration list for PBXNativeTarget "KnowYourTeam" */ = {
			isa = XCConfigurationList;
			buildConfigurations = (
				4443B6FC1F604B0D008522BB /* Debug */,
				4443B6FD1F604B0D008522BB /* Release */,
			);
			defaultConfigurationIsVisible = 0;
			defaultConfigurationName = Release;
		};
		4443B6FE1F604B0D008522BB /* Build configuration list for PBXNativeTarget "KnowYourTeamTests" */ = {
			isa = XCConfigurationList;
			buildConfigurations = (
				4443B6FF1F604B0D008522BB /* Debug */,
				4443B7001F604B0D008522BB /* Release */,
			);
			defaultConfigurationIsVisible = 0;
			defaultConfigurationName = Release;
		};
/* End XCConfigurationList section */
	};
	rootObject = 4443B6D11F604B0D008522BB /* Project object */;
}
